// !$*UTF8*$!
{
	archiveVersion = 1;
	classes = {
	};
	objectVersion = 50;
	objects = {

/* Begin PBXBuildFile section */
		3211E61622B16A4800FDCEBF /* mainunit_comms.c in Sources */ = {isa = PBXBuildFile; fileRef = 3211E61522B16A4800FDCEBF /* mainunit_comms.c */; };
		3238066E22B2B684003571C1 /* uart.c in Sources */ = {isa = PBXBuildFile; fileRef = 3238066D22B2B684003571C1 /* uart.c */; };
		3238067322B41E63003571C1 /* test.c in Sources */ = {isa = PBXBuildFile; fileRef = 3238067222B41E63003571C1 /* test.c */; };
/* End PBXBuildFile section */

/* Begin PBXCopyFilesBuildPhase section */
		3211E61022B16A4800FDCEBF /* CopyFiles */ = {
			isa = PBXCopyFilesBuildPhase;
			buildActionMask = 2147483647;
			dstPath = /usr/share/man/man1/;
			dstSubfolderSpec = 0;
			files = (
			);
			runOnlyForDeploymentPostprocessing = 1;
		};
/* End PBXCopyFilesBuildPhase section */

/* Begin PBXFileReference section */
		3211E61222B16A4800FDCEBF /* uart */ = {isa = PBXFileReference; explicitFileType = "compiled.mach-o.executable"; includeInIndex = 0; path = uart; sourceTree = BUILT_PRODUCTS_DIR; };
		3211E61522B16A4800FDCEBF /* mainunit_comms.c */ = {isa = PBXFileReference; lastKnownFileType = sourcecode.c.c; path = mainunit_comms.c; sourceTree = "<group>"; };
		3211E61C22B16AA700FDCEBF /* uart.h */ = {isa = PBXFileReference; lastKnownFileType = sourcecode.c.h; path = uart.h; sourceTree = "<group>"; };
		3238066D22B2B684003571C1 /* uart.c */ = {isa = PBXFileReference; lastKnownFileType = sourcecode.c.c; path = uart.c; sourceTree = "<group>"; };
		3238066F22B2BBE4003571C1 /* example_remote_data.h */ = {isa = PBXFileReference; lastKnownFileType = sourcecode.c.h; path = example_remote_data.h; sourceTree = "<group>"; };
		3238067222B41E63003571C1 /* test.c */ = {isa = PBXFileReference; lastKnownFileType = sourcecode.c.c; path = test.c; sourceTree = "<group>"; };
		3238067422B41EB5003571C1 /* mainunit_comms.h */ = {isa = PBXFileReference; lastKnownFileType = sourcecode.c.h; path = mainunit_comms.h; sourceTree = "<group>"; };
/* End PBXFileReference section */

/* Begin PBXFrameworksBuildPhase section */
		3211E60F22B16A4800FDCEBF /* Frameworks */ = {
			isa = PBXFrameworksBuildPhase;
			buildActionMask = 2147483647;
			files = (
			);
			runOnlyForDeploymentPostprocessing = 0;
		};
/* End PBXFrameworksBuildPhase section */

/* Begin PBXGroup section */
		3211E60922B16A4800FDCEBF = {
			isa = PBXGroup;
			children = (
				3211E61422B16A4800FDCEBF /* uart */,
				3211E61322B16A4800FDCEBF /* Products */,
			);
			sourceTree = "<group>";
		};
		3211E61322B16A4800FDCEBF /* Products */ = {
			isa = PBXGroup;
			children = (
				3211E61222B16A4800FDCEBF /* uart */,
			);
			name = Products;
			sourceTree = "<group>";
		};
		3211E61422B16A4800FDCEBF /* uart */ = {
			isa = PBXGroup;
			children = (
				3211E61522B16A4800FDCEBF /* mainunit_comms.c */,
				3211E61C22B16AA700FDCEBF /* uart.h */,
				3238066D22B2B684003571C1 /* uart.c */,
				3238066F22B2BBE4003571C1 /* example_remote_data.h */,
				3238067222B41E63003571C1 /* test.c */,
				3238067422B41EB5003571C1 /* mainunit_comms.h */,
			);
			path = uart;
			sourceTree = "<group>";
		};
/* End PBXGroup section */

/* Begin PBXNativeTarget section */
		3211E61122B16A4800FDCEBF /* uart */ = {
			isa = PBXNativeTarget;
			buildConfigurationList = 3211E61922B16A4800FDCEBF /* Build configuration list for PBXNativeTarget "uart" */;
			buildPhases = (
				3211E60E22B16A4800FDCEBF /* Sources */,
				3211E60F22B16A4800FDCEBF /* Frameworks */,
				3211E61022B16A4800FDCEBF /* CopyFiles */,
			);
			buildRules = (
			);
			dependencies = (
			);
			name = uart;
			productName = uart;
			productReference = 3211E61222B16A4800FDCEBF /* uart */;
			productType = "com.apple.product-type.tool";
		};
/* End PBXNativeTarget section */

/* Begin PBXProject section */
		3211E60A22B16A4800FDCEBF /* Project object */ = {
			isa = PBXProject;
			attributes = {
				LastUpgradeCheck = 1020;
				ORGANIZATIONNAME = Andreas;
				TargetAttributes = {
					3211E61122B16A4800FDCEBF = {
						CreatedOnToolsVersion = 10.2.1;
					};
				};
			};
			buildConfigurationList = 3211E60D22B16A4800FDCEBF /* Build configuration list for PBXProject "uart" */;
			compatibilityVersion = "Xcode 9.3";
			developmentRegion = en;
			hasScannedForEncodings = 0;
			knownRegions = (
				en,
			);
			mainGroup = 3211E60922B16A4800FDCEBF;
			productRefGroup = 3211E61322B16A4800FDCEBF /* Products */;
			projectDirPath = "";
			projectRoot = "";
			targets = (
				3211E61122B16A4800FDCEBF /* uart */,
			);
		};
/* End PBXProject section */

/* Begin PBXSourcesBuildPhase section */
		3211E60E22B16A4800FDCEBF /* Sources */ = {
			isa = PBXSourcesBuildPhase;
			buildActionMask = 2147483647;
			files = (
				3238067322B41E63003571C1 /* test.c in Sources */,
				3211E61622B16A4800FDCEBF /* mainunit_comms.c in Sources */,
				3238066E22B2B684003571C1 /* uart.c in Sources */,
			);
			runOnlyForDeploymentPostprocessing = 0;
		};
/* End PBXSourcesBuildPhase section */

/* Begin XCBuildConfiguration section */
		3211E61722B16A4800FDCEBF /* Debug */ = {
			isa = XCBuildConfiguration;
			buildSettings = {
				ALWAYS_SEARCH_USER_PATHS = NO;
				CLANG_ANALYZER_NONNULL = YES;
				CLANG_ANALYZER_NUMBER_OBJECT_CONVERSION = YES_AGGRESSIVE;
				CLANG_CXX_LANGUAGE_STANDARD = "gnu++14";
				CLANG_CXX_LIBRARY = "libc++";
				CLANG_ENABLE_MODULES = YES;
				CLANG_ENABLE_OBJC_ARC = YES;
				CLANG_ENABLE_OBJC_WEAK = YES;
				CLANG_WARN_BLOCK_CAPTURE_AUTORELEASING = YES;
				CLANG_WARN_BOOL_CONVERSION = YES;
				CLANG_WARN_COMMA = YES;
				CLANG_WARN_CONSTANT_CONVERSION = YES;
				CLANG_WARN_DEPRECATED_OBJC_IMPLEMENTATIONS = YES;
				CLANG_WARN_DIRECT_OBJC_ISA_USAGE = YES_ERROR;
				CLANG_WARN_DOCUMENTATION_COMMENTS = YES;
				CLANG_WARN_EMPTY_BODY = YES;
				CLANG_WARN_ENUM_CONVERSION = YES;
				CLANG_WARN_INFINITE_RECURSION = YES;
				CLANG_WARN_INT_CONVERSION = YES;
				CLANG_WARN_NON_LITERAL_NULL_CONVERSION = YES;
				CLANG_WARN_OBJC_IMPLICIT_RETAIN_SELF = YES;
				CLANG_WARN_OBJC_LITERAL_CONVERSION = YES;
				CLANG_WARN_OBJC_ROOT_CLASS = YES_ERROR;
				CLANG_WARN_RANGE_LOOP_ANALYSIS = YES;
				CLANG_WARN_STRICT_PROTOTYPES = YES;
				CLANG_WARN_SUSPICIOUS_MOVE = YES;
				CLANG_WARN_UNGUARDED_AVAILABILITY = YES_AGGRESSIVE;
				CLANG_WARN_UNREACHABLE_CODE = YES;
				CLANG_WARN__DUPLICATE_METHOD_MATCH = YES;
				CODE_SIGN_IDENTITY = "-";
				COPY_PHASE_STRIP = NO;
				DEBUG_INFORMATION_FORMAT = dwarf;
				ENABLE_STRICT_OBJC_MSGSEND = YES;
				ENABLE_TESTABILITY = YES;
				GCC_C_LANGUAGE_STANDARD = gnu11;
				GCC_DYNAMIC_NO_PIC = NO;
				GCC_NO_COMMON_BLOCKS = YES;
				GCC_OPTIMIZATION_LEVEL = 0;
				GCC_PREPROCESSOR_DEFINITIONS = (
					"DEBUG=1",
					"$(inherited)",
				);
				GCC_WARN_64_TO_32_BIT_CONVERSION = YES;
				GCC_WARN_ABOUT_RETURN_TYPE = YES_ERROR;
				GCC_WARN_UNDECLARED_SELECTOR = YES;
				GCC_WARN_UNINITIALIZED_AUTOS = YES_AGGRESSIVE;
				GCC_WARN_UNUSED_FUNCTION = YES;
				GCC_WARN_UNUSED_VARIABLE = YES;
				MACOSX_DEPLOYMENT_TARGET = 10.14;
				MTL_ENABLE_DEBUG_INFO = INCLUDE_SOURCE;
				MTL_FAST_MATH = YES;
				ONLY_ACTIVE_ARCH = YES;
				SDKROOT = macosx;
			};
			name = Debug;
		};
		3211E61822B16A4800FDCEBF /* Release */ = {
			isa = XCBuildConfiguration;
			buildSettings = {
				ALWAYS_SEARCH_USER_PATHS = NO;
				CLANG_ANALYZER_NONNULL = YES;
				CLANG_ANALYZER_NUMBER_OBJECT_CONVERSION = YES_AGGRESSIVE;
				CLANG_CXX_LANGUAGE_STANDARD = "gnu++14";
				CLANG_CXX_LIBRARY = "libc++";
				CLANG_ENABLE_MODULES = YES;
				CLANG_ENABLE_OBJC_ARC = YES;
				CLANG_ENABLE_OBJC_WEAK = YES;
				CLANG_WARN_BLOCK_CAPTURE_AUTORELEASING = YES;
				CLANG_WARN_BOOL_CONVERSION = YES;
				CLANG_WARN_COMMA = YES;
				CLANG_WARN_CONSTANT_CONVERSION = YES;
				CLANG_WARN_DEPRECATED_OBJC_IMPLEMENTATIONS = YES;
				CLANG_WARN_DIRECT_OBJC_ISA_USAGE = YES_ERROR;
				CLANG_WARN_DOCUMENTATION_COMMENTS = YES;
				CLANG_WARN_EMPTY_BODY = YES;
				CLANG_WARN_ENUM_CONVERSION = YES;
				CLANG_WARN_INFINITE_RECURSION = YES;
				CLANG_WARN_INT_CONVERSION = YES;
				CLANG_WARN_NON_LITERAL_NULL_CONVERSION = YES;
				CLANG_WARN_OBJC_IMPLICIT_RETAIN_SELF = YES;
				CLANG_WARN_OBJC_LITERAL_CONVERSION = YES;
				CLANG_WARN_OBJC_ROOT_CLASS = YES_ERROR;
				CLANG_WARN_RANGE_LOOP_ANALYSIS = YES;
				CLANG_WARN_STRICT_PROTOTYPES = YES;
				CLANG_WARN_SUSPICIOUS_MOVE = YES;
				CLANG_WARN_UNGUARDED_AVAILABILITY = YES_AGGRESSIVE;
				CLANG_WARN_UNREACHABLE_CODE = YES;
				CLANG_WARN__DUPLICATE_METHOD_MATCH = YES;
				CODE_SIGN_IDENTITY = "-";
				COPY_PHASE_STRIP = NO;
				DEBUG_INFORMATION_FORMAT = "dwarf-with-dsym";
				ENABLE_NS_ASSERTIONS = NO;
				ENABLE_STRICT_OBJC_MSGSEND = YES;
				GCC_C_LANGUAGE_STANDARD = gnu11;
				GCC_NO_COMMON_BLOCKS = YES;
				GCC_WARN_64_TO_32_BIT_CONVERSION = YES;
				GCC_WARN_ABOUT_RETURN_TYPE = YES_ERROR;
				GCC_WARN_UNDECLARED_SELECTOR = YES;
				GCC_WARN_UNINITIALIZED_AUTOS = YES_AGGRESSIVE;
				GCC_WARN_UNUSED_FUNCTION = YES;
				GCC_WARN_UNUSED_VARIABLE = YES;
				MACOSX_DEPLOYMENT_TARGET = 10.14;
				MTL_ENABLE_DEBUG_INFO = NO;
				MTL_FAST_MATH = YES;
				SDKROOT = macosx;
			};
			name = Release;
		};
		3211E61A22B16A4800FDCEBF /* Debug */ = {
			isa = XCBuildConfiguration;
			buildSettings = {
				CODE_SIGN_STYLE = Automatic;
				PRODUCT_NAME = "$(TARGET_NAME)";
			};
			name = Debug;
		};
		3211E61B22B16A4800FDCEBF /* Release */ = {
			isa = XCBuildConfiguration;
			buildSettings = {
				CODE_SIGN_STYLE = Automatic;
				PRODUCT_NAME = "$(TARGET_NAME)";
			};
			name = Release;
		};
/* End XCBuildConfiguration section */

/* Begin XCConfigurationList section */
		3211E60D22B16A4800FDCEBF /* Build configuration list for PBXProject "uart" */ = {
			isa = XCConfigurationList;
			buildConfigurations = (
				3211E61722B16A4800FDCEBF /* Debug */,
				3211E61822B16A4800FDCEBF /* Release */,
			);
			defaultConfigurationIsVisible = 0;
			defaultConfigurationName = Release;
		};
		3211E61922B16A4800FDCEBF /* Build configuration list for PBXNativeTarget "uart" */ = {
			isa = XCConfigurationList;
			buildConfigurations = (
				3211E61A22B16A4800FDCEBF /* Debug */,
				3211E61B22B16A4800FDCEBF /* Release */,
			);
			defaultConfigurationIsVisible = 0;
			defaultConfigurationName = Release;
		};
/* End XCConfigurationList section */
	};
	rootObject = 3211E60A22B16A4800FDCEBF /* Project object */;
}
